
Microsoft Visual Studio Solution File, Format Version 12.00
# Visual Studio Version 16
VisualStudioVersion = 16.0.30413.136
MinimumVisualStudioVersion = 10.0.40219.1
Project("{9A19103F-16F7-4668-BE54-9A1E7A4F7556}") = "LIBRARYmanagement", "LIBRARYmanagement\LIBRARYmanagement.csproj", "{4566FDAA-A539-4D30-9923-450B1C364477}"
EndProject
Project("{FAE04EC0-301F-11D3-BF4B-00C04F79EFBC}") = "LIBRARYmanagementtesting", "LIBRARYmanagementtesting\LIBRARYmanagementtesting.csproj", "{EF13CB8E-474A-4779-B4BE-9939235587C5}"
EndProject
Global
	GlobalSection(SolutionConfigurationPlatforms) = preSolution
		Debug|Any CPU = Debug|Any CPU
		Release|Any CPU = Release|Any CPU
	EndGlobalSection
	GlobalSection(ProjectConfigurationPlatforms) = postSolution
		{4566FDAA-A539-4D30-9923-450B1C364477}.Debug|Any CPU.ActiveCfg = Debug|Any CPU
		{4566FDAA-A539-4D30-9923-450B1C364477}.Debug|Any CPU.Build.0 = Debug|Any CPU
		{4566FDAA-A539-4D30-9923-450B1C364477}.Release|Any CPU.ActiveCfg = Release|Any CPU
		{4566FDAA-A539-4D30-9923-450B1C364477}.Release|Any CPU.Build.0 = Release|Any CPU
		{EF13CB8E-474A-4779-B4BE-9939235587C5}.Debug|Any CPU.ActiveCfg = Debug|Any CPU
		{EF13CB8E-474A-4779-B4BE-9939235587C5}.Debug|Any CPU.Build.0 = Debug|Any CPU
		{EF13CB8E-474A-4779-B4BE-9939235587C5}.Release|Any CPU.ActiveCfg = Release|Any CPU
		{EF13CB8E-474A-4779-B4BE-9939235587C5}.Release|Any CPU.Build.0 = Release|Any CPU
	EndGlobalSection
	GlobalSection(SolutionProperties) = preSolution
		HideSolutionNode = FALSE
	EndGlobalSection
	GlobalSection(ExtensibilityGlobals) = postSolution
		SolutionGuid = {E8B837A2-FE49-4533-970B-E101C31F7142}
	EndGlobalSection
EndGlobal
